<?xml version="1.0" encoding="utf-8"?>
<Project ToolsVersion="4.0" xmlns="http://schemas.microsoft.com/developer/msbuild/2003">
  <ItemGroup>
    <Filter Include="소스 파일">
      <UniqueIdentifier>{4FC737F1-C7A5-4376-A066-2A32D752A2FF}</UniqueIdentifier>
      <Extensions>cpp;c;cc;cxx;def;odl;idl;hpj;bat;asm;asmx</Extensions>
    </Filter>
    <Filter Include="헤더 파일">
      <UniqueIdentifier>{93995380-89BD-4b04-88EB-625FBE52EBFB}</UniqueIdentifier>
      <Extensions>h;hh;hpp;hxx;hm;inl;inc;ipp;xsd</Extensions>
    </Filter>
    <Filter Include="리소스 파일">
      <UniqueIdentifier>{67DA6AB6-F800-4c08-8B7A-83BB121AAD01}</UniqueIdentifier>
      <Extensions>rc;ico;cur;bmp;dlg;rc2;rct;bin;rgs;gif;jpg;jpeg;jpe;resx;tiff;tif;png;wav;mfcribbon-ms</Extensions>
    </Filter>
    <Filter Include="Framework">
      <UniqueIdentifier>{b4355ceb-d644-4779-bba7-68dcfb307138}</UniqueIdentifier>
    </Filter>
    <Filter Include="Framework\TimeManager">
      <UniqueIdentifier>{e07f420e-4c41-4454-85a4-bc9ae7831b14}</UniqueIdentifier>
    </Filter>
    <Filter Include="Framework\Device">
      <UniqueIdentifier>{d5274af8-f699-4878-84fd-d366f6cb986a}</UniqueIdentifier>
    </Filter>
    <Filter Include="Framework\InputManager">
      <UniqueIdentifier>{b8de1a81-ade8-49c8-8f71-6388e11270be}</UniqueIdentifier>
    </Filter>
    <Filter Include="Framework\Cemera">
      <UniqueIdentifier>{492c80cb-65e3-4027-a750-8e7e52d2b1b4}</UniqueIdentifier>
    </Filter>
    <Filter Include="MainGame">
      <UniqueIdentifier>{a8d289b4-79e3-4776-8bbb-6ad69b6b3ccc}</UniqueIdentifier>
    </Filter>
    <Filter Include="Framework\World">
      <UniqueIdentifier>{47239f56-afe6-44d4-9f58-d9c3d97b5c42}</UniqueIdentifier>
    </Filter>
    <Filter Include="Framework\Texture">
      <UniqueIdentifier>{1c89b65d-aa0e-4bde-b091-24a977e4e020}</UniqueIdentifier>
    </Filter>
    <Filter Include="Framework\Util">
      <UniqueIdentifier>{4a329acb-0e52-41d1-a708-5abb2aa250af}</UniqueIdentifier>
    </Filter>
    <Filter Include="Framework\SoundManager">
      <UniqueIdentifier>{469cac32-5cdf-46f5-92fe-fbb5a55ada77}</UniqueIdentifier>
    </Filter>
    <Filter Include="MainGame\Scene">
      <UniqueIdentifier>{948287a1-3173-4817-aa02-0f50b4884b3a}</UniqueIdentifier>
    </Filter>
  </ItemGroup>
  <ItemGroup>
    <ClInclude Include="stdafx.h">
      <Filter>헤더 파일</Filter>
    </ClInclude>
    <ClInclude Include="targetver.h">
      <Filter>헤더 파일</Filter>
    </ClInclude>
    <ClInclude Include="Resource.h">
      <Filter>헤더 파일</Filter>
    </ClInclude>
    <ClInclude Include="DXFramework.h">
      <Filter>헤더 파일</Filter>
    </ClInclude>
    <ClInclude Include="TimeManager.h">
      <Filter>Framework\TimeManager</Filter>
    </ClInclude>
    <ClInclude Include="Device.h">
      <Filter>Framework\Device</Filter>
    </ClInclude>
    <ClInclude Include="InputManager.h">
      <Filter>Framework\InputManager</Filter>
    </ClInclude>
    <ClInclude Include="Camera.h">
      <Filter>Framework\Cemera</Filter>
    </ClInclude>
    <ClInclude Include="MainGame.h">
      <Filter>MainGame</Filter>
    </ClInclude>
    <ClInclude Include="World.h">
      <Filter>Framework\World</Filter>
    </ClInclude>
    <ClInclude Include="Texture.h">
      <Filter>Framework\Texture</Filter>
    </ClInclude>
    <ClInclude Include="Util.h">
      <Filter>Framework\Util</Filter>
    </ClInclude>
    <ClInclude Include="SoundManager.h">
      <Filter>Framework\SoundManager</Filter>
    </ClInclude>
    <ClInclude Include="Scene.h">
      <Filter>MainGame\Scene</Filter>
    </ClInclude>
  </ItemGroup>
  <ItemGroup>
    <ClCompile Include="stdafx.cpp">
      <Filter>소스 파일</Filter>
    </ClCompile>
    <ClCompile Include="DXFramework.cpp">
      <Filter>소스 파일</Filter>
    </ClCompile>
    <ClCompile Include="TimeManager.cpp">
      <Filter>Framework\TimeManager</Filter>
    </ClCompile>
    <ClCompile Include="Device.cpp">
      <Filter>Framework\Device</Filter>
    </ClCompile>
    <ClCompile Include="InputManager.cpp">
      <Filter>Framework\InputManager</Filter>
    </ClCompile>
    <ClCompile Include="Camera.cpp">
      <Filter>Framework\Cemera</Filter>
    </ClCompile>
    <ClCompile Include="MainGame.cpp">
      <Filter>MainGame</Filter>
    </ClCompile>
    <ClCompile Include="World.cpp">
      <Filter>Framework\World</Filter>
    </ClCompile>
    <ClCompile Include="Texture.cpp">
      <Filter>Framework\Texture</Filter>
    </ClCompile>
    <ClCompile Include="Util.cpp">
      <Filter>Framework\Util</Filter>
    </ClCompile>
    <ClCompile Include="SoundManager.cpp">
      <Filter>Framework\SoundManager</Filter>
    </ClCompile>
    <ClCompile Include="Scene.cpp">
      <Filter>MainGame\Scene</Filter>
    </ClCompile>
  </ItemGroup>
  <ItemGroup>
    <ResourceCompile Include="DXFramework.rc">
      <Filter>리소스 파일</Filter>
    </ResourceCompile>
  </ItemGroup>
  <ItemGroup>
    <Image Include="small.ico">
      <Filter>리소스 파일</Filter>
    </Image>
    <Image Include="DXFramework.ico">
      <Filter>리소스 파일</Filter>
    </Image>
  </ItemGroup>
</Project>